// !$*UTF8*$!
{
	archiveVersion = 1;
	classes = {
	};
	objectVersion = 56;
	objects = {

/* Begin PBXBuildFile section */
		2FF4E1892CB4C345003BF5BA /* CiaoChowApp.swift in Sources */ = {isa = PBXBuildFile; fileRef = 2FF4E1882CB4C345003BF5BA /* CiaoChowApp.swift */; };
		2FF4E18B2CB4C345003BF5BA /* ContentView.swift in Sources */ = {isa = PBXBuildFile; fileRef = 2FF4E18A2CB4C345003BF5BA /* ContentView.swift */; };
		2FF4E18D2CB4C346003BF5BA /* Assets.xcassets in Resources */ = {isa = PBXBuildFile; fileRef = 2FF4E18C2CB4C346003BF5BA /* Assets.xcassets */; };
		2FF4E1902CB4C346003BF5BA /* Preview Assets.xcassets in Resources */ = {isa = PBXBuildFile; fileRef = 2FF4E18F2CB4C346003BF5BA /* Preview Assets.xcassets */; };
		2FF4E1992CB592D8003BF5BA /* RecipeModels.swift in Sources */ = {isa = PBXBuildFile; fileRef = 2FF4E1982CB592D8003BF5BA /* RecipeModels.swift */; };
		2FF4E19B2CB597B7003BF5BA /* RecipeSwipeView.swift in Sources */ = {isa = PBXBuildFile; fileRef = 2FF4E19A2CB597B7003BF5BA /* RecipeSwipeView.swift */; };
		2FF4E19E2CBCCD1E003BF5BA /* MainContentView.swift in Sources */ = {isa = PBXBuildFile; fileRef = 2FF4E19D2CBCCD1E003BF5BA /* MainContentView.swift */; };
		2FF4E1A02CBE013A003BF5BA /* AsyncViewTesting.swift in Sources */ = {isa = PBXBuildFile; fileRef = 2FF4E19F2CBE013A003BF5BA /* AsyncViewTesting.swift */; };
		2FF4E1A32CBE04A7003BF5BA /* AsyncAlgorithms in Frameworks */ = {isa = PBXBuildFile; productRef = 2FF4E1A22CBE04A7003BF5BA /* AsyncAlgorithms */; };
/* End PBXBuildFile section */

/* Begin PBXFileReference section */
		2FF4E1852CB4C345003BF5BA /* CiaoChow.app */ = {isa = PBXFileReference; explicitFileType = wrapper.application; includeInIndex = 0; path = CiaoChow.app; sourceTree = BUILT_PRODUCTS_DIR; };
		2FF4E1882CB4C345003BF5BA /* CiaoChowApp.swift */ = {isa = PBXFileReference; lastKnownFileType = sourcecode.swift; path = CiaoChowApp.swift; sourceTree = "<group>"; };
		2FF4E18A2CB4C345003BF5BA /* ContentView.swift */ = {isa = PBXFileReference; lastKnownFileType = sourcecode.swift; path = ContentView.swift; sourceTree = "<group>"; };
		2FF4E18C2CB4C346003BF5BA /* Assets.xcassets */ = {isa = PBXFileReference; lastKnownFileType = folder.assetcatalog; path = Assets.xcassets; sourceTree = "<group>"; };
		2FF4E18F2CB4C346003BF5BA /* Preview Assets.xcassets */ = {isa = PBXFileReference; lastKnownFileType = folder.assetcatalog; path = "Preview Assets.xcassets"; sourceTree = "<group>"; };
		2FF4E1982CB592D8003BF5BA /* RecipeModels.swift */ = {isa = PBXFileReference; lastKnownFileType = sourcecode.swift; path = RecipeModels.swift; sourceTree = "<group>"; };
		2FF4E19A2CB597B7003BF5BA /* RecipeSwipeView.swift */ = {isa = PBXFileReference; lastKnownFileType = sourcecode.swift; path = RecipeSwipeView.swift; sourceTree = "<group>"; };
		2FF4E19D2CBCCD1E003BF5BA /* MainContentView.swift */ = {isa = PBXFileReference; lastKnownFileType = sourcecode.swift; path = MainContentView.swift; sourceTree = "<group>"; };
		2FF4E19F2CBE013A003BF5BA /* AsyncViewTesting.swift */ = {isa = PBXFileReference; lastKnownFileType = sourcecode.swift; path = AsyncViewTesting.swift; sourceTree = "<group>"; };
/* End PBXFileReference section */

/* Begin PBXFrameworksBuildPhase section */
		2FF4E1822CB4C345003BF5BA /* Frameworks */ = {
			isa = PBXFrameworksBuildPhase;
			buildActionMask = 2147483647;
			files = (
				2FF4E1A32CBE04A7003BF5BA /* AsyncAlgorithms in Frameworks */,
			);
			runOnlyForDeploymentPostprocessing = 0;
		};
/* End PBXFrameworksBuildPhase section */

/* Begin PBXGroup section */
		2FF4E17C2CB4C345003BF5BA = {
			isa = PBXGroup;
			children = (
				2FF4E1872CB4C345003BF5BA /* CiaoChow */,
				2FF4E1862CB4C345003BF5BA /* Products */,
			);
			sourceTree = "<group>";
		};
		2FF4E1862CB4C345003BF5BA /* Products */ = {
			isa = PBXGroup;
			children = (
				2FF4E1852CB4C345003BF5BA /* CiaoChow.app */,
			);
			name = Products;
			sourceTree = "<group>";
		};
		2FF4E1872CB4C345003BF5BA /* CiaoChow */ = {
			isa = PBXGroup;
			children = (
				2FF4E19C2CBCCCFB003BF5BA /* Views */,
				2FF4E1972CB4C93D003BF5BA /* Models */,
				2FF4E1882CB4C345003BF5BA /* CiaoChowApp.swift */,
				2FF4E18A2CB4C345003BF5BA /* ContentView.swift */,
				2FF4E18C2CB4C346003BF5BA /* Assets.xcassets */,
				2FF4E18E2CB4C346003BF5BA /* Preview Content */,
			);
			path = CiaoChow;
			sourceTree = "<group>";
		};
		2FF4E18E2CB4C346003BF5BA /* Preview Content */ = {
			isa = PBXGroup;
			children = (
				2FF4E18F2CB4C346003BF5BA /* Preview Assets.xcassets */,
			);
			path = "Preview Content";
			sourceTree = "<group>";
		};
		2FF4E1972CB4C93D003BF5BA /* Models */ = {
			isa = PBXGroup;
			children = (
				2FF4E1982CB592D8003BF5BA /* RecipeModels.swift */,
				2FF4E19A2CB597B7003BF5BA /* RecipeSwipeView.swift */,
			);
			path = Models;
			sourceTree = "<group>";
		};
		2FF4E19C2CBCCCFB003BF5BA /* Views */ = {
			isa = PBXGroup;
			children = (
				2FF4E19D2CBCCD1E003BF5BA /* MainContentView.swift */,
				2FF4E19F2CBE013A003BF5BA /* AsyncViewTesting.swift */,
			);
			path = Views;
			sourceTree = "<group>";
		};
/* End PBXGroup section */

/* Begin PBXNativeTarget section */
		2FF4E1842CB4C345003BF5BA /* CiaoChow */ = {
			isa = PBXNativeTarget;
			buildConfigurationList = 2FF4E1932CB4C346003BF5BA /* Build configuration list for PBXNativeTarget "CiaoChow" */;
			buildPhases = (
				2FF4E1812CB4C345003BF5BA /* Sources */,
				2FF4E1822CB4C345003BF5BA /* Frameworks */,
				2FF4E1832CB4C345003BF5BA /* Resources */,
			);
			buildRules = (
			);
			dependencies = (
			);
			name = CiaoChow;
			packageProductDependencies = (
				2FF4E1A22CBE04A7003BF5BA /* AsyncAlgorithms */,
			);
			productName = CiaoChow;
			productReference = 2FF4E1852CB4C345003BF5BA /* CiaoChow.app */;
			productType = "com.apple.product-type.application";
		};
/* End PBXNativeTarget section */

/* Begin PBXProject section */
		2FF4E17D2CB4C345003BF5BA /* Project object */ = {
			isa = PBXProject;
			attributes = {
				BuildIndependentTargetsInParallel = 1;
				LastSwiftUpdateCheck = 1500;
				LastUpgradeCheck = 1500;
				TargetAttributes = {
					2FF4E1842CB4C345003BF5BA = {
						CreatedOnToolsVersion = 15.0.1;
					};
				};
			};
			buildConfigurationList = 2FF4E1802CB4C345003BF5BA /* Build configuration list for PBXProject "CiaoChow" */;
			compatibilityVersion = "Xcode 14.0";
			developmentRegion = en;
			hasScannedForEncodings = 0;
			knownRegions = (
				en,
				Base,
			);
			mainGroup = 2FF4E17C2CB4C345003BF5BA;
			packageReferences = (
				2FF4E1A12CBE04A7003BF5BA /* XCRemoteSwiftPackageReference "swift-async-algorithms" */,
			);
			productRefGroup = 2FF4E1862CB4C345003BF5BA /* Products */;
			projectDirPath = "";
			projectRoot = "";
			targets = (
				2FF4E1842CB4C345003BF5BA /* CiaoChow */,
			);
		};
/* End PBXProject section */

/* Begin PBXResourcesBuildPhase section */
		2FF4E1832CB4C345003BF5BA /* Resources */ = {
			isa = PBXResourcesBuildPhase;
			buildActionMask = 2147483647;
			files = (
				2FF4E1902CB4C346003BF5BA /* Preview Assets.xcassets in Resources */,
				2FF4E18D2CB4C346003BF5BA /* Assets.xcassets in Resources */,
			);
			runOnlyForDeploymentPostprocessing = 0;
		};
/* End PBXResourcesBuildPhase section */

/* Begin PBXSourcesBuildPhase section */
		2FF4E1812CB4C345003BF5BA /* Sources */ = {
			isa = PBXSourcesBuildPhase;
			buildActionMask = 2147483647;
			files = (
				2FF4E18B2CB4C345003BF5BA /* ContentView.swift in Sources */,
				2FF4E1892CB4C345003BF5BA /* CiaoChowApp.swift in Sources */,
				2FF4E1A02CBE013A003BF5BA /* AsyncViewTesting.swift in Sources */,
				2FF4E1992CB592D8003BF5BA /* RecipeModels.swift in Sources */,
				2FF4E19B2CB597B7003BF5BA /* RecipeSwipeView.swift in Sources */,
				2FF4E19E2CBCCD1E003BF5BA /* MainContentView.swift in Sources */,
			);
			runOnlyForDeploymentPostprocessing = 0;
		};
/* End PBXSourcesBuildPhase section */

/* Begin XCBuildConfiguration section */
		2FF4E1912CB4C346003BF5BA /* Debug */ = {
			isa = XCBuildConfiguration;
			buildSettings = {
				ALWAYS_SEARCH_USER_PATHS = NO;
				ASSETCATALOG_COMPILER_GENERATE_SWIFT_ASSET_SYMBOL_EXTENSIONS = YES;
				CLANG_ANALYZER_NONNULL = YES;
				CLANG_ANALYZER_NUMBER_OBJECT_CONVERSION = YES_AGGRESSIVE;
				CLANG_CXX_LANGUAGE_STANDARD = "gnu++20";
				CLANG_ENABLE_MODULES = YES;
				CLANG_ENABLE_OBJC_ARC = YES;
				CLANG_ENABLE_OBJC_WEAK = YES;
				CLANG_WARN_BLOCK_CAPTURE_AUTORELEASING = YES;
				CLANG_WARN_BOOL_CONVERSION = YES;
				CLANG_WARN_COMMA = YES;
				CLANG_WARN_CONSTANT_CONVERSION = YES;
				CLANG_WARN_DEPRECATED_OBJC_IMPLEMENTATIONS = YES;
				CLANG_WARN_DIRECT_OBJC_ISA_USAGE = YES_ERROR;
				CLANG_WARN_DOCUMENTATION_COMMENTS = YES;
				CLANG_WARN_EMPTY_BODY = YES;
				CLANG_WARN_ENUM_CONVERSION = YES;
				CLANG_WARN_INFINITE_RECURSION = YES;
				CLANG_WARN_INT_CONVERSION = YES;
				CLANG_WARN_NON_LITERAL_NULL_CONVERSION = YES;
				CLANG_WARN_OBJC_IMPLICIT_RETAIN_SELF = YES;
				CLANG_WARN_OBJC_LITERAL_CONVERSION = YES;
				CLANG_WARN_OBJC_ROOT_CLASS = YES_ERROR;
				CLANG_WARN_QUOTED_INCLUDE_IN_FRAMEWORK_HEADER = YES;
				CLANG_WARN_RANGE_LOOP_ANALYSIS = YES;
				CLANG_WARN_STRICT_PROTOTYPES = YES;
				CLANG_WARN_SUSPICIOUS_MOVE = YES;
				CLANG_WARN_UNGUARDED_AVAILABILITY = YES_AGGRESSIVE;
				CLANG_WARN_UNREACHABLE_CODE = YES;
				CLANG_WARN__DUPLICATE_METHOD_MATCH = YES;
				COPY_PHASE_STRIP = NO;
				DEBUG_INFORMATION_FORMAT = dwarf;
				ENABLE_STRICT_OBJC_MSGSEND = YES;
				ENABLE_TESTABILITY = YES;
				ENABLE_USER_SCRIPT_SANDBOXING = YES;
				GCC_C_LANGUAGE_STANDARD = gnu17;
				GCC_DYNAMIC_NO_PIC = NO;
				GCC_NO_COMMON_BLOCKS = YES;
				GCC_OPTIMIZATION_LEVEL = 0;
				GCC_PREPROCESSOR_DEFINITIONS = (
					"DEBUG=1",
					"$(inherited)",
				);
				GCC_WARN_64_TO_32_BIT_CONVERSION = YES;
				GCC_WARN_ABOUT_RETURN_TYPE = YES_ERROR;
				GCC_WARN_UNDECLARED_SELECTOR = YES;
				GCC_WARN_UNINITIALIZED_AUTOS = YES_AGGRESSIVE;
				GCC_WARN_UNUSED_FUNCTION = YES;
				GCC_WARN_UNUSED_VARIABLE = YES;
				IPHONEOS_DEPLOYMENT_TARGET = 17.0;
				LOCALIZATION_PREFERS_STRING_CATALOGS = YES;
				MTL_ENABLE_DEBUG_INFO = INCLUDE_SOURCE;
				MTL_FAST_MATH = YES;
				ONLY_ACTIVE_ARCH = YES;
				SDKROOT = iphoneos;
				SWIFT_ACTIVE_COMPILATION_CONDITIONS = "DEBUG $(inherited)";
				SWIFT_OPTIMIZATION_LEVEL = "-Onone";
			};
			name = Debug;
		};
		2FF4E1922CB4C346003BF5BA /* Release */ = {
			isa = XCBuildConfiguration;
			buildSettings = {
				ALWAYS_SEARCH_USER_PATHS = NO;
				ASSETCATALOG_COMPILER_GENERATE_SWIFT_ASSET_SYMBOL_EXTENSIONS = YES;
				CLANG_ANALYZER_NONNULL = YES;
				CLANG_ANALYZER_NUMBER_OBJECT_CONVERSION = YES_AGGRESSIVE;
				CLANG_CXX_LANGUAGE_STANDARD = "gnu++20";
				CLANG_ENABLE_MODULES = YES;
				CLANG_ENABLE_OBJC_ARC = YES;
				CLANG_ENABLE_OBJC_WEAK = YES;
				CLANG_WARN_BLOCK_CAPTURE_AUTORELEASING = YES;
				CLANG_WARN_BOOL_CONVERSION = YES;
				CLANG_WARN_COMMA = YES;
				CLANG_WARN_CONSTANT_CONVERSION = YES;
				CLANG_WARN_DEPRECATED_OBJC_IMPLEMENTATIONS = YES;
				CLANG_WARN_DIRECT_OBJC_ISA_USAGE = YES_ERROR;
				CLANG_WARN_DOCUMENTATION_COMMENTS = YES;
				CLANG_WARN_EMPTY_BODY = YES;
				CLANG_WARN_ENUM_CONVERSION = YES;
				CLANG_WARN_INFINITE_RECURSION = YES;
				CLANG_WARN_INT_CONVERSION = YES;
				CLANG_WARN_NON_LITERAL_NULL_CONVERSION = YES;
				CLANG_WARN_OBJC_IMPLICIT_RETAIN_SELF = YES;
				CLANG_WARN_OBJC_LITERAL_CONVERSION = YES;
				CLANG_WARN_OBJC_ROOT_CLASS = YES_ERROR;
				CLANG_WARN_QUOTED_INCLUDE_IN_FRAMEWORK_HEADER = YES;
				CLANG_WARN_RANGE_LOOP_ANALYSIS = YES;
				CLANG_WARN_STRICT_PROTOTYPES = YES;
				CLANG_WARN_SUSPICIOUS_MOVE = YES;
				CLANG_WARN_UNGUARDED_AVAILABILITY = YES_AGGRESSIVE;
				CLANG_WARN_UNREACHABLE_CODE = YES;
				CLANG_WARN__DUPLICATE_METHOD_MATCH = YES;
				COPY_PHASE_STRIP = NO;
				DEBUG_INFORMATION_FORMAT = "dwarf-with-dsym";
				ENABLE_NS_ASSERTIONS = NO;
				ENABLE_STRICT_OBJC_MSGSEND = YES;
				ENABLE_USER_SCRIPT_SANDBOXING = YES;
				GCC_C_LANGUAGE_STANDARD = gnu17;
				GCC_NO_COMMON_BLOCKS = YES;
				GCC_WARN_64_TO_32_BIT_CONVERSION = YES;
				GCC_WARN_ABOUT_RETURN_TYPE = YES_ERROR;
				GCC_WARN_UNDECLARED_SELECTOR = YES;
				GCC_WARN_UNINITIALIZED_AUTOS = YES_AGGRESSIVE;
				GCC_WARN_UNUSED_FUNCTION = YES;
				GCC_WARN_UNUSED_VARIABLE = YES;
				IPHONEOS_DEPLOYMENT_TARGET = 17.0;
				LOCALIZATION_PREFERS_STRING_CATALOGS = YES;
				MTL_ENABLE_DEBUG_INFO = NO;
				MTL_FAST_MATH = YES;
				SDKROOT = iphoneos;
				SWIFT_COMPILATION_MODE = wholemodule;
				VALIDATE_PRODUCT = YES;
			};
			name = Release;
		};
		2FF4E1942CB4C346003BF5BA /* Debug */ = {
			isa = XCBuildConfiguration;
			buildSettings = {
				ASSETCATALOG_COMPILER_APPICON_NAME = AppIcon;
				ASSETCATALOG_COMPILER_GLOBAL_ACCENT_COLOR_NAME = AccentColor;
				CODE_SIGN_STYLE = Automatic;
				CURRENT_PROJECT_VERSION = 1;
				DEVELOPMENT_ASSET_PATHS = "\"CiaoChow/Preview Content\"";
				DEVELOPMENT_TEAM = G7956HFVVK;
				ENABLE_PREVIEWS = YES;
				GENERATE_INFOPLIST_FILE = YES;
				INFOPLIST_KEY_UIApplicationSceneManifest_Generation = YES;
				INFOPLIST_KEY_UIApplicationSupportsIndirectInputEvents = YES;
				INFOPLIST_KEY_UILaunchScreen_Generation = YES;
				INFOPLIST_KEY_UISupportedInterfaceOrientations_iPad = "UIInterfaceOrientationPortrait UIInterfaceOrientationPortraitUpsideDown UIInterfaceOrientationLandscapeLeft UIInterfaceOrientationLandscapeRight";
				INFOPLIST_KEY_UISupportedInterfaceOrientations_iPhone = "UIInterfaceOrientationPortrait UIInterfaceOrientationLandscapeLeft UIInterfaceOrientationLandscapeRight";
				LD_RUNPATH_SEARCH_PATHS = (
					"$(inherited)",
					"@executable_path/Frameworks",
				);
				MARKETING_VERSION = 1.0;
				PRODUCT_BUNDLE_IDENTIFIER = com.tylertorres.CiaoChow;
				PRODUCT_NAME = "$(TARGET_NAME)";
				SWIFT_EMIT_LOC_STRINGS = YES;
				SWIFT_VERSION = 5.0;
				TARGETED_DEVICE_FAMILY = "1,2";
			};
			name = Debug;
		};
		2FF4E1952CB4C346003BF5BA /* Release */ = {
			isa = XCBuildConfiguration;
			buildSettings = {
				ASSETCATALOG_COMPILER_APPICON_NAME = AppIcon;
				ASSETCATALOG_COMPILER_GLOBAL_ACCENT_COLOR_NAME = AccentColor;
				CODE_SIGN_STYLE = Automatic;
				CURRENT_PROJECT_VERSION = 1;
				DEVELOPMENT_ASSET_PATHS = "\"CiaoChow/Preview Content\"";
				DEVELOPMENT_TEAM = G7956HFVVK;
				ENABLE_PREVIEWS = YES;
				GENERATE_INFOPLIST_FILE = YES;
				INFOPLIST_KEY_UIApplicationSceneManifest_Generation = YES;
				INFOPLIST_KEY_UIApplicationSupportsIndirectInputEvents = YES;
				INFOPLIST_KEY_UILaunchScreen_Generation = YES;
				INFOPLIST_KEY_UISupportedInterfaceOrientations_iPad = "UIInterfaceOrientationPortrait UIInterfaceOrientationPortraitUpsideDown UIInterfaceOrientationLandscapeLeft UIInterfaceOrientationLandscapeRight";
				INFOPLIST_KEY_UISupportedInterfaceOrientations_iPhone = "UIInterfaceOrientationPortrait UIInterfaceOrientationLandscapeLeft UIInterfaceOrientationLandscapeRight";
				LD_RUNPATH_SEARCH_PATHS = (
					"$(inherited)",
					"@executable_path/Frameworks",
				);
				MARKETING_VERSION = 1.0;
				PRODUCT_BUNDLE_IDENTIFIER = com.tylertorres.CiaoChow;
				PRODUCT_NAME = "$(TARGET_NAME)";
				SWIFT_EMIT_LOC_STRINGS = YES;
				SWIFT_VERSION = 5.0;
				TARGETED_DEVICE_FAMILY = "1,2";
			};
			name = Release;
		};
/* End XCBuildConfiguration section */

/* Begin XCConfigurationList section */
		2FF4E1802CB4C345003BF5BA /* Build configuration list for PBXProject "CiaoChow" */ = {
			isa = XCConfigurationList;
			buildConfigurations = (
				2FF4E1912CB4C346003BF5BA /* Debug */,
				2FF4E1922CB4C346003BF5BA /* Release */,
			);
			defaultConfigurationIsVisible = 0;
			defaultConfigurationName = Release;
		};
		2FF4E1932CB4C346003BF5BA /* Build configuration list for PBXNativeTarget "CiaoChow" */ = {
			isa = XCConfigurationList;
			buildConfigurations = (
				2FF4E1942CB4C346003BF5BA /* Debug */,
				2FF4E1952CB4C346003BF5BA /* Release */,
			);
			defaultConfigurationIsVisible = 0;
			defaultConfigurationName = Release;
		};
/* End XCConfigurationList section */

/* Begin XCRemoteSwiftPackageReference section */
		2FF4E1A12CBE04A7003BF5BA /* XCRemoteSwiftPackageReference "swift-async-algorithms" */ = {
			isa = XCRemoteSwiftPackageReference;
			repositoryURL = "https://github.com/apple/swift-async-algorithms.git";
			requirement = {
				kind = upToNextMajorVersion;
				minimumVersion = 1.0.2;
			};
		};
/* End XCRemoteSwiftPackageReference section */

/* Begin XCSwiftPackageProductDependency section */
		2FF4E1A22CBE04A7003BF5BA /* AsyncAlgorithms */ = {
			isa = XCSwiftPackageProductDependency;
			package = 2FF4E1A12CBE04A7003BF5BA /* XCRemoteSwiftPackageReference "swift-async-algorithms" */;
			productName = AsyncAlgorithms;
		};
/* End XCSwiftPackageProductDependency section */
	};
	rootObject = 2FF4E17D2CB4C345003BF5BA /* Project object */;
}
